
Microsoft Visual Studio Solution File, Format Version 11.00
# Visual Basic Express 2010
Project("{F184B08F-C81C-45F6-A57F-5ABD9991F28F}") = "Pong", "Pong.vbproj", "{DAEE8266-59F8-435E-9FEB-3EACE711D086}"
EndProject
Global
	GlobalSection(SolutionConfigurationPlatforms) = preSolution
		Debug|Any CPU = Debug|Any CPU
		Release|Any CPU = Release|Any CPU
	EndGlobalSection
	GlobalSection(ProjectConfigurationPlatforms) = postSolution
		{DAEE8266-59F8-435E-9FEB-3EACE711D086}.Debug|Any CPU.ActiveCfg = Debug|Any CPU
		{DAEE8266-59F8-435E-9FEB-3EACE711D086}.Debug|Any CPU.Build.0 = Debug|Any CPU
		{DAEE8266-59F8-435E-9FEB-3EACE711D086}.Release|Any CPU.ActiveCfg = Release|Any CPU
		{DAEE8266-59F8-435E-9FEB-3EACE711D086}.Release|Any CPU.Build.0 = Release|Any CPU
	EndGlobalSection
	GlobalSection(SolutionProperties) = preSolution
		HideSolutionNode = FALSE
	EndGlobalSection
EndGlobal
