
Microsoft Visual Studio Solution File, Format Version 11.00
# Visual C# Express 2010
Project("{FAE04EC0-301F-11D3-BF4B-00C04F79EFBC}") = "Loan", "Loan.csproj", "{653D5740-4C69-4618-865D-00948F1DD0D8}"
EndProject
Global
	GlobalSection(SolutionConfigurationPlatforms) = preSolution
		Debug|Any CPU = Debug|Any CPU
		Release|Any CPU = Release|Any CPU
	EndGlobalSection
	GlobalSection(ProjectConfigurationPlatforms) = postSolution
		{653D5740-4C69-4618-865D-00948F1DD0D8}.Debug|Any CPU.ActiveCfg = Debug|Any CPU
		{653D5740-4C69-4618-865D-00948F1DD0D8}.Debug|Any CPU.Build.0 = Debug|Any CPU
		{653D5740-4C69-4618-865D-00948F1DD0D8}.Release|Any CPU.ActiveCfg = Release|Any CPU
		{653D5740-4C69-4618-865D-00948F1DD0D8}.Release|Any CPU.Build.0 = Release|Any CPU
	EndGlobalSection
	GlobalSection(SolutionProperties) = preSolution
		HideSolutionNode = FALSE
	EndGlobalSection
EndGlobal
